
Microsoft Visual Studio Solution File, Format Version 12.00
# Visual Studio Version 16
VisualStudioVersion = 16.0.31105.61
MinimumVisualStudioVersion = 10.0.40219.1
Project("{9A19103F-16F7-4668-BE54-9A1E7A4F7556}") = "Webscraper", "Webscraper\Webscraper.csproj", "{46ECE883-F7F7-467B-80F4-197EA35DED64}"
EndProject
Project("{FAE04EC0-301F-11D3-BF4B-00C04F79EFBC}") = "HTML_Extractor", "HTML_Extractor\HTML_Extractor.csproj", "{2AE4CFA4-6915-4F02-9CA2-022E549DF184}"
EndProject
Global
	GlobalSection(SolutionConfigurationPlatforms) = preSolution
		Debug|Any CPU = Debug|Any CPU
		Release|Any CPU = Release|Any CPU
	EndGlobalSection
	GlobalSection(ProjectConfigurationPlatforms) = postSolution
		{46ECE883-F7F7-467B-80F4-197EA35DED64}.Debug|Any CPU.ActiveCfg = Debug|Any CPU
		{46ECE883-F7F7-467B-80F4-197EA35DED64}.Debug|Any CPU.Build.0 = Debug|Any CPU
		{46ECE883-F7F7-467B-80F4-197EA35DED64}.Release|Any CPU.ActiveCfg = Release|Any CPU
		{46ECE883-F7F7-467B-80F4-197EA35DED64}.Release|Any CPU.Build.0 = Release|Any CPU
		{2AE4CFA4-6915-4F02-9CA2-022E549DF184}.Debug|Any CPU.ActiveCfg = Debug|Any CPU
		{2AE4CFA4-6915-4F02-9CA2-022E549DF184}.Debug|Any CPU.Build.0 = Debug|Any CPU
		{2AE4CFA4-6915-4F02-9CA2-022E549DF184}.Release|Any CPU.ActiveCfg = Release|Any CPU
		{2AE4CFA4-6915-4F02-9CA2-022E549DF184}.Release|Any CPU.Build.0 = Release|Any CPU
	EndGlobalSection
	GlobalSection(SolutionProperties) = preSolution
		HideSolutionNode = FALSE
	EndGlobalSection
	GlobalSection(ExtensibilityGlobals) = postSolution
		SolutionGuid = {0DE6FB4A-1A0E-4DE0-A78D-256B0A0CB475}
	EndGlobalSection
EndGlobal
